{
  "name": "@critter/server",
  "version": "1.0.0",
  "lockfileVersion": 3,
  "requires": true,
  "packages": {
    "": {
      "name": "@critter/server",
      "version": "1.0.0",
      "license": "ISC",
      "dependencies": {
        "@critter/common": "file:../common"
      }
    },
    "../common": {
      "name": "@critter/common",
      "version": "1.0.0",
      "license": "ISC",
      "dependencies": {
        "tiny-types": "^1.22.0"
      }
    },
    "node_modules/@critter/common": {
      "resolved": "../common",
      "link": true
    }
  }
}
