{
  "name": "@critter/common",
  "version": "1.0.0",
  "lockfileVersion": 3,
  "requires": true,
  "packages": {
    "": {
      "name": "@critter/common",
      "version": "1.0.0",
      "license": "ISC",
      "dependencies": {
        "tiny-types": "^1.22.0"
      }
    },
    "node_modules/tiny-types": {
      "version": "1.22.0",
      "resolved": "https://registry.npmjs.org/tiny-types/-/tiny-types-1.22.0.tgz",
      "integrity": "sha512-NQZpeRLP+jbw1iZ/PCNDmAWmm5anY6WpDTQeVfFbu7dmumLQLkcvBFTpBXLwChFp1/U+Mv0DF51KelSIvHP2FA==",
      "engines": {
        "node": "^16 || ^18 || ^20",
        "npm": "^8 || ^9 || ^10"
      }
    }
  }
}
